
Microsoft Visual Studio Solution File, Format Version 12.00
# Visual Studio 15
VisualStudioVersion = 15.0.27428.2043
MinimumVisualStudioVersion = 10.0.40219.1
Project("{8BC9CEB8-8B4A-11D0-8D11-00A0C91BC942}") = "添加low‘s sift的算法", "添加low‘s sift的算法\添加low‘s sift的算法.vcxproj", "{939E1676-788A-4C50-830A-7A6A6FC664CE}"
EndProject
Global
	GlobalSection(SolutionConfigurationPlatforms) = preSolution
		Debug|x64 = Debug|x64
		Debug|x86 = Debug|x86
		Release|x64 = Release|x64
		Release|x86 = Release|x86
	EndGlobalSection
	GlobalSection(ProjectConfigurationPlatforms) = postSolution
		{939E1676-788A-4C50-830A-7A6A6FC664CE}.Debug|x64.ActiveCfg = Debug|x64
		{939E1676-788A-4C50-830A-7A6A6FC664CE}.Debug|x64.Build.0 = Debug|x64
		{939E1676-788A-4C50-830A-7A6A6FC664CE}.Debug|x86.ActiveCfg = Debug|Win32
		{939E1676-788A-4C50-830A-7A6A6FC664CE}.Debug|x86.Build.0 = Debug|Win32
		{939E1676-788A-4C50-830A-7A6A6FC664CE}.Release|x64.ActiveCfg = Release|x64
		{939E1676-788A-4C50-830A-7A6A6FC664CE}.Release|x64.Build.0 = Release|x64
		{939E1676-788A-4C50-830A-7A6A6FC664CE}.Release|x86.ActiveCfg = Release|Win32
		{939E1676-788A-4C50-830A-7A6A6FC664CE}.Release|x86.Build.0 = Release|Win32
	EndGlobalSection
	GlobalSection(SolutionProperties) = preSolution
		HideSolutionNode = FALSE
	EndGlobalSection
	GlobalSection(ExtensibilityGlobals) = postSolution
		SolutionGuid = {DF81941D-B22B-40A5-AA44-CFAA5B3443B5}
	EndGlobalSection
EndGlobal
